{
  "name": "bricklet1wire",
  "version": "1.0.0",
  "lockfileVersion": 1,
  "requires": true,
  "dependencies": {
    "tinkerforge": {
      "version": "2.0.17",
      "resolved": "https://registry.npmjs.org/tinkerforge/-/tinkerforge-2.0.17.tgz",
      "integrity": "sha1-XgvDy5aMnQbI0zuS45iKNPfM/vE="
    }
  }
}
